Microsoft Visual Studio Solution File, Format Version 12.00
# Visual Studio Version 18
VisualStudioVersion = 18.6.11822.322 stable
MinimumVisualStudioVersion = 10.0.40219.1
Project("{FAE04EC0-301F-11D3-BF4B-00C04F79EFBC}") = "SupportEngineerChallenge.Api", "src\SupportEngineerChallenge.Api\SupportEngineerChallenge.Api.csproj", "{E5F1A5B9-6A5A-4E4E-8B0A-1CC2B9B3D2A1}"
EndProject
Project("{FAE04EC0-301F-11D3-BF4B-00C04F79EFBC}") = "SupportEngineerChallenge.Tests", "tests\SupportEngineerChallenge.Tests\SupportEngineerChallenge.Tests.csproj", "{B7A2A6C2-0E7E-4F40-AF58-4B5409E0A3D5}"
EndProject
Global
	GlobalSection(SolutionConfigurationPlatforms) = preSolution
		Debug|Any CPU = Debug|Any CPU
		Release|Any CPU = Release|Any CPU
	EndGlobalSection
	GlobalSection(ProjectConfigurationPlatforms) = postSolution
		{E5F1A5B9-6A5A-4E4E-8B0A-1CC2B9B3D2A1}.Debug|Any CPU.ActiveCfg = Debug|Any CPU
		{E5F1A5B9-6A5A-4E4E-8B0A-1CC2B9B3D2A1}.Debug|Any CPU.Build.0 = Debug|Any CPU
		{E5F1A5B9-6A5A-4E4E-8B0A-1CC2B9B3D2A1}.Release|Any CPU.ActiveCfg = Release|Any CPU
		{E5F1A5B9-6A5A-4E4E-8B0A-1CC2B9B3D2A1}.Release|Any CPU.Build.0 = Release|Any CPU
		{B7A2A6C2-0E7E-4F40-AF58-4B5409E0A3D5}.Debug|Any CPU.ActiveCfg = Debug|Any CPU
		{B7A2A6C2-0E7E-4F40-AF58-4B5409E0A3D5}.Debug|Any CPU.Build.0 = Debug|Any CPU
		{B7A2A6C2-0E7E-4F40-AF58-4B5409E0A3D5}.Release|Any CPU.ActiveCfg = Release|Any CPU
		{B7A2A6C2-0E7E-4F40-AF58-4B5409E0A3D5}.Release|Any CPU.Build.0 = Release|Any CPU
	EndGlobalSection
	GlobalSection(SolutionProperties) = preSolution
		HideSolutionNode = FALSE
	EndGlobalSection
	GlobalSection(ExtensibilityGlobals) = postSolution
		SolutionGuid = {E9BD6695-A111-443F-8BF2-B7A06B34B086}
	EndGlobalSection
EndGlobal
